{
  "name": "sf-standard-field-dependency",
  "version": "1.0.2",
  "lockfileVersion": 2,
  "requires": true,
  "packages": {
    "": {
      "name": "sf-standard-field-dependency",
      "version": "1.0.2",
      "license": "ISC",
      "dependencies": {
        "node-fetch": "^2.6.1",
        "soql-parser-js": "^4.2.1"
      }
    },
    "node_modules/@chevrotain/types": {
      "version": "9.0.1",
      "resolved": "https://registry.npmjs.org/@chevrotain/types/-/types-9.0.1.tgz",
      "integrity": "sha512-jyIgbvb0Vz3OhLdImiufolBxRNAPFhpZmWuNWQ9ffU+nsxLJ0a0yObRCkdT2MKGXolwLZow3r8zhVr/7f5yNSA=="
    },
    "node_modules/@chevrotain/utils": {
      "version": "9.0.0",
      "resolved": "https://registry.npmjs.org/@chevrotain/utils/-/utils-9.0.0.tgz",
      "integrity": "sha512-J0uI+VxqCMiTFmVD95dfZr1QxJcw1RMQc7X3umMAfEcG5f2uWrZeyX0h3hURvXgzUcK6vXH5r+SNv+4bPxWpdg=="
    },
    "node_modules/chevrotain": {
      "version": "9.0.1",
      "resolved": "https://registry.npmjs.org/chevrotain/-/chevrotain-9.0.1.tgz",
      "integrity": "sha512-7rFWS+G8yavnYK5AcqSL9mSXPRfz+atuwM4Hq5Ph/CNM7n7zl3woPXMGWS+cdxSD01nic4PozN12zaw1Fu8cug==",
      "dependencies": {
        "@chevrotain/types": "^9.0.1",
        "@chevrotain/utils": "^9.0.0",
        "regexp-to-ast": "0.5.0"
      }
    },
    "node_modules/lodash.get": {
      "version": "4.4.2",
      "resolved": "https://registry.npmjs.org/lodash.get/-/lodash.get-4.4.2.tgz",
      "integrity": "sha1-LRd/ZS+jHpObRDjVNBSZ36OCXpk="
    },
    "node_modules/node-fetch": {
      "version": "2.6.1",
      "resolved": "https://registry.npmjs.org/node-fetch/-/node-fetch-2.6.1.tgz",
      "integrity": "sha512-V4aYg89jEoVRxRb2fJdAg8FHvI7cEyYdVAh94HH0UIK8oJxUfkjlDQN9RbMx+bEjP7+ggMiFRprSti032Oipxw==",
      "engines": {
        "node": "4.x || >=6.0.0"
      }
    },
    "node_modules/regexp-to-ast": {
      "version": "0.5.0",
      "resolved": "https://registry.npmjs.org/regexp-to-ast/-/regexp-to-ast-0.5.0.tgz",
      "integrity": "sha512-tlbJqcMHnPKI9zSrystikWKwHkBqu2a/Sgw01h3zFjvYrMxEDYHzzoMZnUrbIfpTFEsoRnnviOXNCzFiSc54Qw=="
    },
    "node_modules/soql-parser-js": {
      "version": "4.2.1",
      "resolved": "https://registry.npmjs.org/soql-parser-js/-/soql-parser-js-4.2.1.tgz",
      "integrity": "sha512-CpJgbVWTi14N6+h+BNyKHSBgHOvDWxwpXUDvL7QyZqHI+p00hhhBbNzuS9skS4HyHRDpoNaXQJ+k2y+de7m/JQ==",
      "dependencies": {
        "chevrotain": "^9.0.1",
        "lodash.get": "^4.4.2"
      }
    }
  },
  "dependencies": {
    "@chevrotain/types": {
      "version": "9.0.1",
      "resolved": "https://registry.npmjs.org/@chevrotain/types/-/types-9.0.1.tgz",
      "integrity": "sha512-jyIgbvb0Vz3OhLdImiufolBxRNAPFhpZmWuNWQ9ffU+nsxLJ0a0yObRCkdT2MKGXolwLZow3r8zhVr/7f5yNSA=="
    },
    "@chevrotain/utils": {
      "version": "9.0.0",
      "resolved": "https://registry.npmjs.org/@chevrotain/utils/-/utils-9.0.0.tgz",
      "integrity": "sha512-J0uI+VxqCMiTFmVD95dfZr1QxJcw1RMQc7X3umMAfEcG5f2uWrZeyX0h3hURvXgzUcK6vXH5r+SNv+4bPxWpdg=="
    },
    "chevrotain": {
      "version": "9.0.1",
      "resolved": "https://registry.npmjs.org/chevrotain/-/chevrotain-9.0.1.tgz",
      "integrity": "sha512-7rFWS+G8yavnYK5AcqSL9mSXPRfz+atuwM4Hq5Ph/CNM7n7zl3woPXMGWS+cdxSD01nic4PozN12zaw1Fu8cug==",
      "requires": {
        "@chevrotain/types": "^9.0.1",
        "@chevrotain/utils": "^9.0.0",
        "regexp-to-ast": "0.5.0"
      }
    },
    "lodash.get": {
      "version": "4.4.2",
      "resolved": "https://registry.npmjs.org/lodash.get/-/lodash.get-4.4.2.tgz",
      "integrity": "sha1-LRd/ZS+jHpObRDjVNBSZ36OCXpk="
    },
    "node-fetch": {
      "version": "2.6.1",
      "resolved": "https://registry.npmjs.org/node-fetch/-/node-fetch-2.6.1.tgz",
      "integrity": "sha512-V4aYg89jEoVRxRb2fJdAg8FHvI7cEyYdVAh94HH0UIK8oJxUfkjlDQN9RbMx+bEjP7+ggMiFRprSti032Oipxw=="
    },
    "regexp-to-ast": {
      "version": "0.5.0",
      "resolved": "https://registry.npmjs.org/regexp-to-ast/-/regexp-to-ast-0.5.0.tgz",
      "integrity": "sha512-tlbJqcMHnPKI9zSrystikWKwHkBqu2a/Sgw01h3zFjvYrMxEDYHzzoMZnUrbIfpTFEsoRnnviOXNCzFiSc54Qw=="
    },
    "soql-parser-js": {
      "version": "4.2.1",
      "resolved": "https://registry.npmjs.org/soql-parser-js/-/soql-parser-js-4.2.1.tgz",
      "integrity": "sha512-CpJgbVWTi14N6+h+BNyKHSBgHOvDWxwpXUDvL7QyZqHI+p00hhhBbNzuS9skS4HyHRDpoNaXQJ+k2y+de7m/JQ==",
      "requires": {
        "chevrotain": "^9.0.1",
        "lodash.get": "^4.4.2"
      }
    }
  }
}
